
Microsoft Visual Studio Solution File, Format Version 12.00
# Visual Studio 15
VisualStudioVersion = 15.0.28307.960
MinimumVisualStudioVersion = 10.0.40219.1
Project("{FAE04EC0-301F-11D3-BF4B-00C04F79EFBC}") = "Github", "Github\Github.csproj", "{9EC0B002-CC92-4AF0-B51E-7A7CF5ACB6F4}"
EndProject
Global
	GlobalSection(SolutionConfigurationPlatforms) = preSolution
		Debug|Any CPU = Debug|Any CPU
		Release|Any CPU = Release|Any CPU
	EndGlobalSection
	GlobalSection(ProjectConfigurationPlatforms) = postSolution
		{9EC0B002-CC92-4AF0-B51E-7A7CF5ACB6F4}.Debug|Any CPU.ActiveCfg = Debug|Any CPU
		{9EC0B002-CC92-4AF0-B51E-7A7CF5ACB6F4}.Debug|Any CPU.Build.0 = Debug|Any CPU
		{9EC0B002-CC92-4AF0-B51E-7A7CF5ACB6F4}.Release|Any CPU.ActiveCfg = Release|Any CPU
		{9EC0B002-CC92-4AF0-B51E-7A7CF5ACB6F4}.Release|Any CPU.Build.0 = Release|Any CPU
	EndGlobalSection
	GlobalSection(SolutionProperties) = preSolution
		HideSolutionNode = FALSE
	EndGlobalSection
	GlobalSection(ExtensibilityGlobals) = postSolution
		SolutionGuid = {2F44807C-01CA-4A6A-AE21-0633AD78816A}
	EndGlobalSection
EndGlobal
