
Microsoft Visual Studio Solution File, Format Version 12.00
# Visual Studio 15
VisualStudioVersion = 15.0.28307.960
MinimumVisualStudioVersion = 10.0.40219.1
Project("{FAE04EC0-301F-11D3-BF4B-00C04F79EFBC}") = "temp2", "temp2\temp2.csproj", "{FBC59203-8274-4C57-8A4D-7254BEE69364}"
EndProject
Global
	GlobalSection(SolutionConfigurationPlatforms) = preSolution
		Debug|Any CPU = Debug|Any CPU
		Release|Any CPU = Release|Any CPU
	EndGlobalSection
	GlobalSection(ProjectConfigurationPlatforms) = postSolution
		{FBC59203-8274-4C57-8A4D-7254BEE69364}.Debug|Any CPU.ActiveCfg = Debug|Any CPU
		{FBC59203-8274-4C57-8A4D-7254BEE69364}.Debug|Any CPU.Build.0 = Debug|Any CPU
		{FBC59203-8274-4C57-8A4D-7254BEE69364}.Release|Any CPU.ActiveCfg = Release|Any CPU
		{FBC59203-8274-4C57-8A4D-7254BEE69364}.Release|Any CPU.Build.0 = Release|Any CPU
	EndGlobalSection
	GlobalSection(SolutionProperties) = preSolution
		HideSolutionNode = FALSE
	EndGlobalSection
	GlobalSection(ExtensibilityGlobals) = postSolution
		SolutionGuid = {ECA90EB9-94A4-411C-8529-A134C6FD26EA}
	EndGlobalSection
EndGlobal
